
Microsoft Visual Studio Solution File, Format Version 12.00
# Visual Studio Version 17
VisualStudioVersion = 17.0.31903.59
MinimumVisualStudioVersion = 10.0.40219.1
Project("{2150E333-8FDC-42A3-9474-1A3956D46DE8}") = "src", "src", "{E08E43A5-D7EE-49C8-AF34-1D7D0EA9A8A3}"
EndProject
Project("{FAE04EC0-301F-11D3-BF4B-00C04F79EFBC}") = "SACS.Domain", "src\SACS.Domain\SACS.Domain.csproj", "{853DE93D-C89B-4D8A-A1B9-6A19EB48DB4C}"
EndProject
Project("{FAE04EC0-301F-11D3-BF4B-00C04F79EFBC}") = "SACS.Application", "src\SACS.Application\SACS.Application.csproj", "{1748B355-DD29-4691-A054-4457C43085D6}"
EndProject
Project("{FAE04EC0-301F-11D3-BF4B-00C04F79EFBC}") = "SACS.Persistence", "src\SACS.Persistence\SACS.Persistence.csproj", "{82473905-FE71-4C2D-AE86-318C6CCC88D3}"
EndProject
Project("{FAE04EC0-301F-11D3-BF4B-00C04F79EFBC}") = "SACS.Infrastructure", "src\SACS.Infrastructure\SACS.Infrastructure.csproj", "{F1ACCBEE-8359-47F0-8EF9-19CFED0F64A8}"
EndProject
Project("{FAE04EC0-301F-11D3-BF4B-00C04F79EFBC}") = "SACS.BackgroundJobs", "src\SACS.BackgroundJobs\SACS.BackgroundJobs.csproj", "{65D431EF-6910-4500-B4A1-29ECF88920D8}"
EndProject
Project("{FAE04EC0-301F-11D3-BF4B-00C04F79EFBC}") = "SACS.API", "src\SACS.API\SACS.API.csproj", "{7659F188-B853-4DFA-ADB5-85AB4159DEB0}"
EndProject
Project("{2150E333-8FDC-42A3-9474-1A3956D46DE8}") = "tests", "tests", "{D056E8FF-BC8B-43E3-B6C6-D38A6E0B329A}"
EndProject
Project("{FAE04EC0-301F-11D3-BF4B-00C04F79EFBC}") = "UnitTests", "tests\UnitTests\UnitTests.csproj", "{F4CD5844-DC48-48C7-AACD-DEE0920A7CED}"
EndProject
Project("{FAE04EC0-301F-11D3-BF4B-00C04F79EFBC}") = "IntegrationTests", "tests\IntegrationTests\IntegrationTests.csproj", "{3AEE9CE6-DB46-4FF1-BEDC-D985A7BC1925}"
EndProject
Global
	GlobalSection(SolutionConfigurationPlatforms) = preSolution
		Debug|Any CPU = Debug|Any CPU
		Release|Any CPU = Release|Any CPU
	EndGlobalSection
	GlobalSection(SolutionProperties) = preSolution
		HideSolutionNode = FALSE
	EndGlobalSection
	GlobalSection(ProjectConfigurationPlatforms) = postSolution
		{853DE93D-C89B-4D8A-A1B9-6A19EB48DB4C}.Debug|Any CPU.ActiveCfg = Debug|Any CPU
		{853DE93D-C89B-4D8A-A1B9-6A19EB48DB4C}.Debug|Any CPU.Build.0 = Debug|Any CPU
		{853DE93D-C89B-4D8A-A1B9-6A19EB48DB4C}.Release|Any CPU.ActiveCfg = Release|Any CPU
		{853DE93D-C89B-4D8A-A1B9-6A19EB48DB4C}.Release|Any CPU.Build.0 = Release|Any CPU
		{1748B355-DD29-4691-A054-4457C43085D6}.Debug|Any CPU.ActiveCfg = Debug|Any CPU
		{1748B355-DD29-4691-A054-4457C43085D6}.Debug|Any CPU.Build.0 = Debug|Any CPU
		{1748B355-DD29-4691-A054-4457C43085D6}.Release|Any CPU.ActiveCfg = Release|Any CPU
		{1748B355-DD29-4691-A054-4457C43085D6}.Release|Any CPU.Build.0 = Release|Any CPU
		{82473905-FE71-4C2D-AE86-318C6CCC88D3}.Debug|Any CPU.ActiveCfg = Debug|Any CPU
		{82473905-FE71-4C2D-AE86-318C6CCC88D3}.Debug|Any CPU.Build.0 = Debug|Any CPU
		{82473905-FE71-4C2D-AE86-318C6CCC88D3}.Release|Any CPU.ActiveCfg = Release|Any CPU
		{82473905-FE71-4C2D-AE86-318C6CCC88D3}.Release|Any CPU.Build.0 = Release|Any CPU
		{F1ACCBEE-8359-47F0-8EF9-19CFED0F64A8}.Debug|Any CPU.ActiveCfg = Debug|Any CPU
		{F1ACCBEE-8359-47F0-8EF9-19CFED0F64A8}.Debug|Any CPU.Build.0 = Debug|Any CPU
		{F1ACCBEE-8359-47F0-8EF9-19CFED0F64A8}.Release|Any CPU.ActiveCfg = Release|Any CPU
		{F1ACCBEE-8359-47F0-8EF9-19CFED0F64A8}.Release|Any CPU.Build.0 = Release|Any CPU
		{65D431EF-6910-4500-B4A1-29ECF88920D8}.Debug|Any CPU.ActiveCfg = Debug|Any CPU
		{65D431EF-6910-4500-B4A1-29ECF88920D8}.Debug|Any CPU.Build.0 = Debug|Any CPU
		{65D431EF-6910-4500-B4A1-29ECF88920D8}.Release|Any CPU.ActiveCfg = Release|Any CPU
		{65D431EF-6910-4500-B4A1-29ECF88920D8}.Release|Any CPU.Build.0 = Release|Any CPU
		{7659F188-B853-4DFA-ADB5-85AB4159DEB0}.Debug|Any CPU.ActiveCfg = Debug|Any CPU
		{7659F188-B853-4DFA-ADB5-85AB4159DEB0}.Debug|Any CPU.Build.0 = Debug|Any CPU
		{7659F188-B853-4DFA-ADB5-85AB4159DEB0}.Release|Any CPU.ActiveCfg = Release|Any CPU
		{7659F188-B853-4DFA-ADB5-85AB4159DEB0}.Release|Any CPU.Build.0 = Release|Any CPU
		{F4CD5844-DC48-48C7-AACD-DEE0920A7CED}.Debug|Any CPU.ActiveCfg = Debug|Any CPU
		{F4CD5844-DC48-48C7-AACD-DEE0920A7CED}.Debug|Any CPU.Build.0 = Debug|Any CPU
		{F4CD5844-DC48-48C7-AACD-DEE0920A7CED}.Release|Any CPU.ActiveCfg = Release|Any CPU
		{F4CD5844-DC48-48C7-AACD-DEE0920A7CED}.Release|Any CPU.Build.0 = Release|Any CPU
		{3AEE9CE6-DB46-4FF1-BEDC-D985A7BC1925}.Debug|Any CPU.ActiveCfg = Debug|Any CPU
		{3AEE9CE6-DB46-4FF1-BEDC-D985A7BC1925}.Debug|Any CPU.Build.0 = Debug|Any CPU
		{3AEE9CE6-DB46-4FF1-BEDC-D985A7BC1925}.Release|Any CPU.ActiveCfg = Release|Any CPU
		{3AEE9CE6-DB46-4FF1-BEDC-D985A7BC1925}.Release|Any CPU.Build.0 = Release|Any CPU
	EndGlobalSection
	GlobalSection(NestedProjects) = preSolution
		{853DE93D-C89B-4D8A-A1B9-6A19EB48DB4C} = {E08E43A5-D7EE-49C8-AF34-1D7D0EA9A8A3}
		{1748B355-DD29-4691-A054-4457C43085D6} = {E08E43A5-D7EE-49C8-AF34-1D7D0EA9A8A3}
		{82473905-FE71-4C2D-AE86-318C6CCC88D3} = {E08E43A5-D7EE-49C8-AF34-1D7D0EA9A8A3}
		{F1ACCBEE-8359-47F0-8EF9-19CFED0F64A8} = {E08E43A5-D7EE-49C8-AF34-1D7D0EA9A8A3}
		{65D431EF-6910-4500-B4A1-29ECF88920D8} = {E08E43A5-D7EE-49C8-AF34-1D7D0EA9A8A3}
		{7659F188-B853-4DFA-ADB5-85AB4159DEB0} = {E08E43A5-D7EE-49C8-AF34-1D7D0EA9A8A3}
		{F4CD5844-DC48-48C7-AACD-DEE0920A7CED} = {D056E8FF-BC8B-43E3-B6C6-D38A6E0B329A}
		{3AEE9CE6-DB46-4FF1-BEDC-D985A7BC1925} = {D056E8FF-BC8B-43E3-B6C6-D38A6E0B329A}
	EndGlobalSection
EndGlobal
